
Microsoft Visual Studio Solution File, Format Version 12.00
# Visual Studio 15
VisualStudioVersion = 15.0.28307.779
MinimumVisualStudioVersion = 10.0.40219.1
Project("{FAE04EC0-301F-11D3-BF4B-00C04F79EFBC}") = "Task_7(UseOfAdditionalForms)", "Task_7(UseOfAdditionalForms).csproj", "{BE12353F-B390-40B3-AC79-E9180B1084FA}"
EndProject
Global
	GlobalSection(SolutionConfigurationPlatforms) = preSolution
		Debug|Any CPU = Debug|Any CPU
		Release|Any CPU = Release|Any CPU
	EndGlobalSection
	GlobalSection(ProjectConfigurationPlatforms) = postSolution
		{BE12353F-B390-40B3-AC79-E9180B1084FA}.Debug|Any CPU.ActiveCfg = Debug|Any CPU
		{BE12353F-B390-40B3-AC79-E9180B1084FA}.Debug|Any CPU.Build.0 = Debug|Any CPU
		{BE12353F-B390-40B3-AC79-E9180B1084FA}.Release|Any CPU.ActiveCfg = Release|Any CPU
		{BE12353F-B390-40B3-AC79-E9180B1084FA}.Release|Any CPU.Build.0 = Release|Any CPU
	EndGlobalSection
	GlobalSection(SolutionProperties) = preSolution
		HideSolutionNode = FALSE
	EndGlobalSection
	GlobalSection(ExtensibilityGlobals) = postSolution
		SolutionGuid = {B699B8CB-17CD-40F0-B7E8-36235C8D873F}
	EndGlobalSection
EndGlobal
